
Microsoft Visual Studio Solution File, Format Version 12.00
# Visual Studio Version 17
VisualStudioVersion = 17.4.33110.190
MinimumVisualStudioVersion = 10.0.40219.1
Project("{9A19103F-16F7-4668-BE54-9A1E7A4F7556}") = "MyNihongo.FluentHttp.Sample.Console", "MyNihongo.FluentHttp.Sample.Console.csproj", "{F63F473D-D24E-4B4E-9209-3575969CB238}"
EndProject
Project("{9A19103F-16F7-4668-BE54-9A1E7A4F7556}") = "MyNihongo.FluentHttp", "..\..\src\MyNihongo.FluentHttp.csproj", "{9193FFB7-66BC-408A-85CF-30F0F279A912}"
EndProject
Global
	GlobalSection(SolutionConfigurationPlatforms) = preSolution
		Debug|Any CPU = Debug|Any CPU
		Release|Any CPU = Release|Any CPU
	EndGlobalSection
	GlobalSection(ProjectConfigurationPlatforms) = postSolution
		{F63F473D-D24E-4B4E-9209-3575969CB238}.Debug|Any CPU.ActiveCfg = Debug|Any CPU
		{F63F473D-D24E-4B4E-9209-3575969CB238}.Debug|Any CPU.Build.0 = Debug|Any CPU
		{F63F473D-D24E-4B4E-9209-3575969CB238}.Release|Any CPU.ActiveCfg = Release|Any CPU
		{F63F473D-D24E-4B4E-9209-3575969CB238}.Release|Any CPU.Build.0 = Release|Any CPU
		{9193FFB7-66BC-408A-85CF-30F0F279A912}.Debug|Any CPU.ActiveCfg = Debug|Any CPU
		{9193FFB7-66BC-408A-85CF-30F0F279A912}.Debug|Any CPU.Build.0 = Debug|Any CPU
		{9193FFB7-66BC-408A-85CF-30F0F279A912}.Release|Any CPU.ActiveCfg = Release|Any CPU
		{9193FFB7-66BC-408A-85CF-30F0F279A912}.Release|Any CPU.Build.0 = Release|Any CPU
	EndGlobalSection
	GlobalSection(SolutionProperties) = preSolution
		HideSolutionNode = FALSE
	EndGlobalSection
	GlobalSection(ExtensibilityGlobals) = postSolution
		SolutionGuid = {CB85807D-844A-4D42-9A64-44C870132A61}
	EndGlobalSection
EndGlobal
